
Microsoft Visual Studio Solution File, Format Version 12.00
# Visual Studio 15
VisualStudioVersion = 15.0.26430.13
MinimumVisualStudioVersion = 10.0.40219.1
Project("{FAE04EC0-301F-11D3-BF4B-00C04F79EFBC}") = "Codec8", "Codec8\Codec8.csproj", "{88A8068A-BF1F-4723-AA77-56AC6FF1AC58}"
EndProject
Project("{FAE04EC0-301F-11D3-BF4B-00C04F79EFBC}") = "Codec8TestsDecoder", "Codec8TestsDecoder\Codec8TestsDecoder.csproj", "{20DDE7D4-9914-474D-926B-A23DC12787EF}"
EndProject
Global
	GlobalSection(SolutionConfigurationPlatforms) = preSolution
		Debug|Any CPU = Debug|Any CPU
		Release|Any CPU = Release|Any CPU
	EndGlobalSection
	GlobalSection(ProjectConfigurationPlatforms) = postSolution
		{88A8068A-BF1F-4723-AA77-56AC6FF1AC58}.Debug|Any CPU.ActiveCfg = Debug|Any CPU
		{88A8068A-BF1F-4723-AA77-56AC6FF1AC58}.Debug|Any CPU.Build.0 = Debug|Any CPU
		{88A8068A-BF1F-4723-AA77-56AC6FF1AC58}.Release|Any CPU.ActiveCfg = Release|Any CPU
		{88A8068A-BF1F-4723-AA77-56AC6FF1AC58}.Release|Any CPU.Build.0 = Release|Any CPU
		{20DDE7D4-9914-474D-926B-A23DC12787EF}.Debug|Any CPU.ActiveCfg = Debug|Any CPU
		{20DDE7D4-9914-474D-926B-A23DC12787EF}.Debug|Any CPU.Build.0 = Debug|Any CPU
		{20DDE7D4-9914-474D-926B-A23DC12787EF}.Release|Any CPU.ActiveCfg = Release|Any CPU
		{20DDE7D4-9914-474D-926B-A23DC12787EF}.Release|Any CPU.Build.0 = Release|Any CPU
	EndGlobalSection
	GlobalSection(SolutionProperties) = preSolution
		HideSolutionNode = FALSE
	EndGlobalSection
EndGlobal
